
Microsoft Visual Studio Solution File, Format Version 12.00
# Visual Studio Version 17
VisualStudioVersion = 17.6.33829.357
MinimumVisualStudioVersion = 10.0.40219.1
Project("{FAE04EC0-301F-11D3-BF4B-00C04F79EFBC}") = "TradeCal", "TradeCal\TradeCal.csproj", "{57EC6D0B-E1EB-4213-80F9-2282F0C9BA31}"
EndProject
Global
	GlobalSection(SolutionConfigurationPlatforms) = preSolution
		Debug|Any CPU = Debug|Any CPU
		Release|Any CPU = Release|Any CPU
	EndGlobalSection
	GlobalSection(ProjectConfigurationPlatforms) = postSolution
		{57EC6D0B-E1EB-4213-80F9-2282F0C9BA31}.Debug|Any CPU.ActiveCfg = Debug|Any CPU
		{57EC6D0B-E1EB-4213-80F9-2282F0C9BA31}.Debug|Any CPU.Build.0 = Debug|Any CPU
		{57EC6D0B-E1EB-4213-80F9-2282F0C9BA31}.Debug|Any CPU.Deploy.0 = Debug|Any CPU
		{57EC6D0B-E1EB-4213-80F9-2282F0C9BA31}.Release|Any CPU.ActiveCfg = Release|Any CPU
		{57EC6D0B-E1EB-4213-80F9-2282F0C9BA31}.Release|Any CPU.Build.0 = Release|Any CPU
		{57EC6D0B-E1EB-4213-80F9-2282F0C9BA31}.Release|Any CPU.Deploy.0 = Release|Any CPU
	EndGlobalSection
	GlobalSection(SolutionProperties) = preSolution
		HideSolutionNode = FALSE
	EndGlobalSection
	GlobalSection(ExtensibilityGlobals) = postSolution
		SolutionGuid = {BE9A2ED7-8FF6-4B07-99F7-31A7C1FE9680}
	EndGlobalSection
EndGlobal
